{
  "name": "hackathon-2",
  "lockfileVersion": 3,
  "requires": true,
  "packages": {
    "": {
      "dependencies": {
        "vue-material-design-icons": "^5.2.0"
      }
    },
    "node_modules/vue-material-design-icons": {
      "version": "5.2.0",
      "resolved": "https://registry.npmjs.org/vue-material-design-icons/-/vue-material-design-icons-5.2.0.tgz",
      "integrity": "sha512-fcdcJHQ9fQw2CAytuLAzWSELcxH138sCdMItVhvmO7Lu9afIgojB/UCWv7XHt/lURsnq/n6O+muM4AQgw8yfig=="
    }
  }
}
